
Microsoft Visual Studio Solution File, Format Version 12.00
# Visual Studio Version 16
VisualStudioVersion = 16.0.30503.244
MinimumVisualStudioVersion = 10.0.40219.1
Project("{FAE04EC0-301F-11D3-BF4B-00C04F79EFBC}") = "ptbatnhat", "ptbatnhat.csproj", "{4167CFD2-A7D3-4889-BA80-C8FA760FCD4C}"
EndProject
Global
	GlobalSection(SolutionConfigurationPlatforms) = preSolution
		Debug|Any CPU = Debug|Any CPU
		Release|Any CPU = Release|Any CPU
	EndGlobalSection
	GlobalSection(ProjectConfigurationPlatforms) = postSolution
		{4167CFD2-A7D3-4889-BA80-C8FA760FCD4C}.Debug|Any CPU.ActiveCfg = Debug|Any CPU
		{4167CFD2-A7D3-4889-BA80-C8FA760FCD4C}.Debug|Any CPU.Build.0 = Debug|Any CPU
		{4167CFD2-A7D3-4889-BA80-C8FA760FCD4C}.Release|Any CPU.ActiveCfg = Release|Any CPU
		{4167CFD2-A7D3-4889-BA80-C8FA760FCD4C}.Release|Any CPU.Build.0 = Release|Any CPU
	EndGlobalSection
	GlobalSection(SolutionProperties) = preSolution
		HideSolutionNode = FALSE
	EndGlobalSection
	GlobalSection(ExtensibilityGlobals) = postSolution
		SolutionGuid = {2CF46C34-154F-4736-8851-2C26A1ABB96B}
	EndGlobalSection
EndGlobal
